
Microsoft Visual Studio Solution File, Format Version 12.00
# Visual Studio Version 16
VisualStudioVersion = 16.0.30114.105
MinimumVisualStudioVersion = 10.0.40219.1
Project("{FAE04EC0-301F-11D3-BF4B-00C04F79EFBC}") = "Client", "Client\Client.csproj", "{8A27CF8A-0615-478F-8CEB-D06D9A62104D}"
EndProject
Project("{FAE04EC0-301F-11D3-BF4B-00C04F79EFBC}") = "Server", "Server\Server.csproj", "{7FD9B24B-982A-4EE0-8D45-E92126DF4B6E}"
EndProject
Global
	GlobalSection(SolutionConfigurationPlatforms) = preSolution
		Debug|Any CPU = Debug|Any CPU
		Debug|x64 = Debug|x64
		Debug|x86 = Debug|x86
		Release|Any CPU = Release|Any CPU
		Release|x64 = Release|x64
		Release|x86 = Release|x86
	EndGlobalSection
	GlobalSection(ProjectConfigurationPlatforms) = postSolution
		{8A27CF8A-0615-478F-8CEB-D06D9A62104D}.Debug|Any CPU.ActiveCfg = Debug|Any CPU
		{8A27CF8A-0615-478F-8CEB-D06D9A62104D}.Debug|Any CPU.Build.0 = Debug|Any CPU
		{8A27CF8A-0615-478F-8CEB-D06D9A62104D}.Debug|x64.ActiveCfg = Debug|Any CPU
		{8A27CF8A-0615-478F-8CEB-D06D9A62104D}.Debug|x64.Build.0 = Debug|Any CPU
		{8A27CF8A-0615-478F-8CEB-D06D9A62104D}.Debug|x86.ActiveCfg = Debug|Any CPU
		{8A27CF8A-0615-478F-8CEB-D06D9A62104D}.Debug|x86.Build.0 = Debug|Any CPU
		{8A27CF8A-0615-478F-8CEB-D06D9A62104D}.Release|Any CPU.ActiveCfg = Release|Any CPU
		{8A27CF8A-0615-478F-8CEB-D06D9A62104D}.Release|Any CPU.Build.0 = Release|Any CPU
		{8A27CF8A-0615-478F-8CEB-D06D9A62104D}.Release|x64.ActiveCfg = Release|Any CPU
		{8A27CF8A-0615-478F-8CEB-D06D9A62104D}.Release|x64.Build.0 = Release|Any CPU
		{8A27CF8A-0615-478F-8CEB-D06D9A62104D}.Release|x86.ActiveCfg = Release|Any CPU
		{8A27CF8A-0615-478F-8CEB-D06D9A62104D}.Release|x86.Build.0 = Release|Any CPU
		{7FD9B24B-982A-4EE0-8D45-E92126DF4B6E}.Debug|Any CPU.ActiveCfg = Debug|Any CPU
		{7FD9B24B-982A-4EE0-8D45-E92126DF4B6E}.Debug|Any CPU.Build.0 = Debug|Any CPU
		{7FD9B24B-982A-4EE0-8D45-E92126DF4B6E}.Debug|x64.ActiveCfg = Debug|Any CPU
		{7FD9B24B-982A-4EE0-8D45-E92126DF4B6E}.Debug|x64.Build.0 = Debug|Any CPU
		{7FD9B24B-982A-4EE0-8D45-E92126DF4B6E}.Debug|x86.ActiveCfg = Debug|Any CPU
		{7FD9B24B-982A-4EE0-8D45-E92126DF4B6E}.Debug|x86.Build.0 = Debug|Any CPU
		{7FD9B24B-982A-4EE0-8D45-E92126DF4B6E}.Release|Any CPU.ActiveCfg = Release|Any CPU
		{7FD9B24B-982A-4EE0-8D45-E92126DF4B6E}.Release|Any CPU.Build.0 = Release|Any CPU
		{7FD9B24B-982A-4EE0-8D45-E92126DF4B6E}.Release|x64.ActiveCfg = Release|Any CPU
		{7FD9B24B-982A-4EE0-8D45-E92126DF4B6E}.Release|x64.Build.0 = Release|Any CPU
		{7FD9B24B-982A-4EE0-8D45-E92126DF4B6E}.Release|x86.ActiveCfg = Release|Any CPU
		{7FD9B24B-982A-4EE0-8D45-E92126DF4B6E}.Release|x86.Build.0 = Release|Any CPU
	EndGlobalSection
	GlobalSection(SolutionProperties) = preSolution
		HideSolutionNode = FALSE
	EndGlobalSection
	GlobalSection(ExtensibilityGlobals) = postSolution
		SolutionGuid = {11187519-0A32-4A8F-87F5-8C5BCFD5938A}
	EndGlobalSection
EndGlobal
